
Microsoft Visual Studio Solution File, Format Version 12.00
# Visual Studio Version 16
VisualStudioVersion = 16.0.32602.291
MinimumVisualStudioVersion = 10.0.40219.1
Project("{9A19103F-16F7-4668-BE54-9A1E7A4F7556}") = "Proyecto.Responsive", "ExamenFinalBryan.responsive\Proyecto.Responsive.csproj", "{CA16680F-C641-4B04-9748-16F2F2AAFB6D}"
EndProject
Project("{9A19103F-16F7-4668-BE54-9A1E7A4F7556}") = "Proyecto.Domain", "ExamenFinalBryan.domain\Proyecto.Domain.csproj", "{73822F24-02E9-4262-B3B3-46D7B78269D7}"
EndProject
Project("{9A19103F-16F7-4668-BE54-9A1E7A4F7556}") = "Proyecto.Application", "ExamenFinalBryan.application\Proyecto.Application.csproj", "{52B73626-3BE0-4376-B952-38DFFDAC801D}"
EndProject
Project("{9A19103F-16F7-4668-BE54-9A1E7A4F7556}") = "Proyecto.Infraestructure", "ExamenFinalBryan.infraestructure\Proyecto.Infraestructure.csproj", "{17ED3683-62A3-4B6D-890D-012D6AD158F5}"
EndProject
Project("{9A19103F-16F7-4668-BE54-9A1E7A4F7556}") = "Examen.API", "Examen.WebApi\Examen.API.csproj", "{E11D3AD9-C240-4D8B-97B2-D26E648E2B87}"
EndProject
Global
	GlobalSection(SolutionConfigurationPlatforms) = preSolution
		Debug|Any CPU = Debug|Any CPU
		Release|Any CPU = Release|Any CPU
	EndGlobalSection
	GlobalSection(ProjectConfigurationPlatforms) = postSolution
		{CA16680F-C641-4B04-9748-16F2F2AAFB6D}.Debug|Any CPU.ActiveCfg = Debug|Any CPU
		{CA16680F-C641-4B04-9748-16F2F2AAFB6D}.Debug|Any CPU.Build.0 = Debug|Any CPU
		{CA16680F-C641-4B04-9748-16F2F2AAFB6D}.Release|Any CPU.ActiveCfg = Release|Any CPU
		{CA16680F-C641-4B04-9748-16F2F2AAFB6D}.Release|Any CPU.Build.0 = Release|Any CPU
		{73822F24-02E9-4262-B3B3-46D7B78269D7}.Debug|Any CPU.ActiveCfg = Debug|Any CPU
		{73822F24-02E9-4262-B3B3-46D7B78269D7}.Debug|Any CPU.Build.0 = Debug|Any CPU
		{73822F24-02E9-4262-B3B3-46D7B78269D7}.Release|Any CPU.ActiveCfg = Release|Any CPU
		{73822F24-02E9-4262-B3B3-46D7B78269D7}.Release|Any CPU.Build.0 = Release|Any CPU
		{52B73626-3BE0-4376-B952-38DFFDAC801D}.Debug|Any CPU.ActiveCfg = Debug|Any CPU
		{52B73626-3BE0-4376-B952-38DFFDAC801D}.Debug|Any CPU.Build.0 = Debug|Any CPU
		{52B73626-3BE0-4376-B952-38DFFDAC801D}.Release|Any CPU.ActiveCfg = Release|Any CPU
		{52B73626-3BE0-4376-B952-38DFFDAC801D}.Release|Any CPU.Build.0 = Release|Any CPU
		{17ED3683-62A3-4B6D-890D-012D6AD158F5}.Debug|Any CPU.ActiveCfg = Debug|Any CPU
		{17ED3683-62A3-4B6D-890D-012D6AD158F5}.Debug|Any CPU.Build.0 = Debug|Any CPU
		{17ED3683-62A3-4B6D-890D-012D6AD158F5}.Release|Any CPU.ActiveCfg = Release|Any CPU
		{17ED3683-62A3-4B6D-890D-012D6AD158F5}.Release|Any CPU.Build.0 = Release|Any CPU
		{E11D3AD9-C240-4D8B-97B2-D26E648E2B87}.Debug|Any CPU.ActiveCfg = Debug|Any CPU
		{E11D3AD9-C240-4D8B-97B2-D26E648E2B87}.Debug|Any CPU.Build.0 = Debug|Any CPU
		{E11D3AD9-C240-4D8B-97B2-D26E648E2B87}.Release|Any CPU.ActiveCfg = Release|Any CPU
		{E11D3AD9-C240-4D8B-97B2-D26E648E2B87}.Release|Any CPU.Build.0 = Release|Any CPU
	EndGlobalSection
	GlobalSection(SolutionProperties) = preSolution
		HideSolutionNode = FALSE
	EndGlobalSection
	GlobalSection(ExtensibilityGlobals) = postSolution
		SolutionGuid = {345024B0-F94A-49BB-B6C7-C7FA678ED46B}
	EndGlobalSection
EndGlobal
